
Microsoft Visual Studio Solution File, Format Version 12.00
# Visual Studio 15
VisualStudioVersion = 15.0.26730.16
MinimumVisualStudioVersion = 10.0.40219.1
Project("{FAE04EC0-301F-11D3-BF4B-00C04F79EFBC}") = "WebApplication4", "WebApplication4\WebApplication4.csproj", "{D1E0D626-C046-4FBA-8292-8F84DB0EFF1F}"
EndProject
Global
	GlobalSection(SolutionConfigurationPlatforms) = preSolution
		Debug|Any CPU = Debug|Any CPU
		Release|Any CPU = Release|Any CPU
	EndGlobalSection
	GlobalSection(ProjectConfigurationPlatforms) = postSolution
		{D1E0D626-C046-4FBA-8292-8F84DB0EFF1F}.Debug|Any CPU.ActiveCfg = Debug|Any CPU
		{D1E0D626-C046-4FBA-8292-8F84DB0EFF1F}.Debug|Any CPU.Build.0 = Debug|Any CPU
		{D1E0D626-C046-4FBA-8292-8F84DB0EFF1F}.Release|Any CPU.ActiveCfg = Release|Any CPU
		{D1E0D626-C046-4FBA-8292-8F84DB0EFF1F}.Release|Any CPU.Build.0 = Release|Any CPU
	EndGlobalSection
	GlobalSection(SolutionProperties) = preSolution
		HideSolutionNode = FALSE
	EndGlobalSection
	GlobalSection(ExtensibilityGlobals) = postSolution
		SolutionGuid = {ABD2F439-87AD-4BD7-942E-D9B4DDDAFAA5}
	EndGlobalSection
EndGlobal
